dependencies:
- name: common
  repository: https://charts.bitnami.com/bitnami
  version: 2.2.4
- name: reloader
  repository: https://stakater.github.io/stakater-charts
  version: 1.0.38
digest: sha256:f50a052320966fa374cef35d0eaf3102c9fe3519fa61524ac00c3b17c2a1c68f
generated: "2023-08-29T16:52:05.948387277Z"
