dependencies:
- name: common
  repository: https://charts.bitnami.com/bitnami
  version: 2.13.3
- name: reloader
  repository: https://stakater.github.io/stakater-charts
  version: 1.0.48
digest: sha256:4aee3ff83296d5d38c000ad6d74384fd6ea8f3ce67ee1e625f9415eafbd95e1e
generated: "2023-11-29T22:05:43.747294136Z"
